
Microsoft Visual Studio Solution File, Format Version 12.00
# Visual Studio Version 17
VisualStudioVersion = 17.0.32126.317
MinimumVisualStudioVersion = 10.0.40219.1
Project("{FAE04EC0-301F-11D3-BF4B-00C04F79EFBC}") = "insertsort", "insertsort\insertsort.csproj", "{BE5B7A7C-96A6-4C91-A1CB-92F30BEDA36E}"
EndProject
Global
	GlobalSection(SolutionConfigurationPlatforms) = preSolution
		Debug|Any CPU = Debug|Any CPU
		Release|Any CPU = Release|Any CPU
	EndGlobalSection
	GlobalSection(ProjectConfigurationPlatforms) = postSolution
		{BE5B7A7C-96A6-4C91-A1CB-92F30BEDA36E}.Debug|Any CPU.ActiveCfg = Debug|Any CPU
		{BE5B7A7C-96A6-4C91-A1CB-92F30BEDA36E}.Debug|Any CPU.Build.0 = Debug|Any CPU
		{BE5B7A7C-96A6-4C91-A1CB-92F30BEDA36E}.Release|Any CPU.ActiveCfg = Release|Any CPU
		{BE5B7A7C-96A6-4C91-A1CB-92F30BEDA36E}.Release|Any CPU.Build.0 = Release|Any CPU
	EndGlobalSection
	GlobalSection(SolutionProperties) = preSolution
		HideSolutionNode = FALSE
	EndGlobalSection
	GlobalSection(ExtensibilityGlobals) = postSolution
		SolutionGuid = {00B36F98-2856-438C-BCC0-2A302313A028}
	EndGlobalSection
EndGlobal
